Microsoft Visual Studio Solution File, Format Version 12.00
# Visual Studio Version 18
VisualStudioVersion = 18.7.11911.148
MinimumVisualStudioVersion = 10.0.40219.1
Project("{FAE04EC0-301F-11D3-BF4B-00C04F79EFBC}") = "Blazor.DynamicAdmin.Abstractions", "src\Blazor.DynamicAdmin.Abstractions\Blazor.DynamicAdmin.Abstractions.csproj", "{80A012F5-D264-BFC3-4C0A-FCF1DD91C906}"
EndProject
Project("{FAE04EC0-301F-11D3-BF4B-00C04F79EFBC}") = "Blazor.DynamicAdmin.Core", "src\Blazor.DynamicAdmin.Core\Blazor.DynamicAdmin.Core.csproj", "{6CD98129-0182-16D4-6538-3AF91F1C31AB}"
EndProject
Global
	GlobalSection(SolutionConfigurationPlatforms) = preSolution
		Debug|Any CPU = Debug|Any CPU
		Release|Any CPU = Release|Any CPU
	EndGlobalSection
	GlobalSection(ProjectConfigurationPlatforms) = postSolution
		{80A012F5-D264-BFC3-4C0A-FCF1DD91C906}.Debug|Any CPU.ActiveCfg = Debug|Any CPU
		{80A012F5-D264-BFC3-4C0A-FCF1DD91C906}.Debug|Any CPU.Build.0 = Debug|Any CPU
		{80A012F5-D264-BFC3-4C0A-FCF1DD91C906}.Release|Any CPU.ActiveCfg = Release|Any CPU
		{80A012F5-D264-BFC3-4C0A-FCF1DD91C906}.Release|Any CPU.Build.0 = Release|Any CPU
		{6CD98129-0182-16D4-6538-3AF91F1C31AB}.Debug|Any CPU.ActiveCfg = Debug|Any CPU
		{6CD98129-0182-16D4-6538-3AF91F1C31AB}.Debug|Any CPU.Build.0 = Debug|Any CPU
		{6CD98129-0182-16D4-6538-3AF91F1C31AB}.Release|Any CPU.ActiveCfg = Release|Any CPU
		{6CD98129-0182-16D4-6538-3AF91F1C31AB}.Release|Any CPU.Build.0 = Release|Any CPU
	EndGlobalSection
	GlobalSection(SolutionProperties) = preSolution
		HideSolutionNode = FALSE
	EndGlobalSection
	GlobalSection(ExtensibilityGlobals) = postSolution
		SolutionGuid = {90A57EDE-E657-4960-AFBC-97A0D39070FF}
	EndGlobalSection
EndGlobal
